
Microsoft Visual Studio Solution File, Format Version 12.00
# Visual Studio Version 17
VisualStudioVersion = 17.8.34330.188
MinimumVisualStudioVersion = 10.0.40219.1
Project("{FAE04EC0-301F-11D3-BF4B-00C04F79EFBC}") = "CommentApi", "CommentApi\CommentApi.csproj", "{AE2672F5-E481-4C86-8991-F681A6A0946C}"
EndProject
Project("{FAE04EC0-301F-11D3-BF4B-00C04F79EFBC}") = "CommentBusinessLogic", "CommentBusinessLogic\CommentBusinessLogic.csproj", "{BF88B890-CD3F-40E2-BFF3-7B57CAF24873}"
EndProject
Project("{FAE04EC0-301F-11D3-BF4B-00C04F79EFBC}") = "CommentDataAccess", "CommentDataAccess\CommentDataAccess.csproj", "{5CF45B0A-A9E6-4908-AF76-84B5ED41BB55}"
EndProject
Global
	GlobalSection(SolutionConfigurationPlatforms) = preSolution
		Debug|Any CPU = Debug|Any CPU
		Release|Any CPU = Release|Any CPU
	EndGlobalSection
	GlobalSection(ProjectConfigurationPlatforms) = postSolution
		{AE2672F5-E481-4C86-8991-F681A6A0946C}.Debug|Any CPU.ActiveCfg = Debug|Any CPU
		{AE2672F5-E481-4C86-8991-F681A6A0946C}.Debug|Any CPU.Build.0 = Debug|Any CPU
		{AE2672F5-E481-4C86-8991-F681A6A0946C}.Release|Any CPU.ActiveCfg = Release|Any CPU
		{AE2672F5-E481-4C86-8991-F681A6A0946C}.Release|Any CPU.Build.0 = Release|Any CPU
		{BF88B890-CD3F-40E2-BFF3-7B57CAF24873}.Debug|Any CPU.ActiveCfg = Debug|Any CPU
		{BF88B890-CD3F-40E2-BFF3-7B57CAF24873}.Debug|Any CPU.Build.0 = Debug|Any CPU
		{BF88B890-CD3F-40E2-BFF3-7B57CAF24873}.Release|Any CPU.ActiveCfg = Release|Any CPU
		{BF88B890-CD3F-40E2-BFF3-7B57CAF24873}.Release|Any CPU.Build.0 = Release|Any CPU
		{5CF45B0A-A9E6-4908-AF76-84B5ED41BB55}.Debug|Any CPU.ActiveCfg = Debug|Any CPU
		{5CF45B0A-A9E6-4908-AF76-84B5ED41BB55}.Debug|Any CPU.Build.0 = Debug|Any CPU
		{5CF45B0A-A9E6-4908-AF76-84B5ED41BB55}.Release|Any CPU.ActiveCfg = Release|Any CPU
		{5CF45B0A-A9E6-4908-AF76-84B5ED41BB55}.Release|Any CPU.Build.0 = Release|Any CPU
	EndGlobalSection
	GlobalSection(SolutionProperties) = preSolution
		HideSolutionNode = FALSE
	EndGlobalSection
	GlobalSection(ExtensibilityGlobals) = postSolution
		SolutionGuid = {1ABE8030-9148-47D5-BE60-B816D379E73A}
	EndGlobalSection
EndGlobal
